
Microsoft Visual Studio Solution File, Format Version 12.00
# Visual Studio Version 17
VisualStudioVersion = 17.14.36414.22 d17.14
MinimumVisualStudioVersion = 10.0.40219.1
Project("{FAE04EC0-301F-11D3-BF4B-00C04F79EFBC}") = "ContosoUniversityUnitTest", "ContosoUniversityUnitTest\ContosoUniversityUnitTest.csproj", "{A73F515A-6185-40BC-BE71-3CC825D9B712}"
EndProject
Global
	GlobalSection(SolutionConfigurationPlatforms) = preSolution
		Debug|Any CPU = Debug|Any CPU
		Release|Any CPU = Release|Any CPU
	EndGlobalSection
	GlobalSection(ProjectConfigurationPlatforms) = postSolution
		{A73F515A-6185-40BC-BE71-3CC825D9B712}.Debug|Any CPU.ActiveCfg = Debug|Any CPU
		{A73F515A-6185-40BC-BE71-3CC825D9B712}.Debug|Any CPU.Build.0 = Debug|Any CPU
		{A73F515A-6185-40BC-BE71-3CC825D9B712}.Release|Any CPU.ActiveCfg = Release|Any CPU
		{A73F515A-6185-40BC-BE71-3CC825D9B712}.Release|Any CPU.Build.0 = Release|Any CPU
	EndGlobalSection
	GlobalSection(SolutionProperties) = preSolution
		HideSolutionNode = FALSE
	EndGlobalSection
	GlobalSection(ExtensibilityGlobals) = postSolution
		SolutionGuid = {CD8A9610-F7C8-447F-AE00-D8A070096B11}
	EndGlobalSection
EndGlobal
